# This file is automatically @generated by Poetry 1.8.2 and should not be changed by hand.

[[package]]
name = "haversine"
version = "2.8.1"
description = "Calculate the distance between 2 points on Earth."
optional = false
python-versions = ">=3.5"
files = [
    {file = "haversine-2.8.1-py2.py3-none-any.whl", hash = "sha256:1acdd7e35115e00346898984acd55b0827d289df434efef98376f0bed37c8fa7"},
    {file = "haversine-2.8.1.tar.gz", hash = "sha256:ab750caa0c8f2168bd7b00a429757a83a8393be1aa30f91c2becf6b523189e2a"},
]

[[package]]
name = "networkx"
version = "3.3"
description = "Python package for creating and manipulating graphs and networks"
optional = false
python-versions = ">=3.10"
files = [
    {file = "networkx-3.3-py3-none-any.whl", hash = "sha256:28575580c6ebdaf4505b22c6256a2b9de86b316dc63ba9e93abde3d78dfdbcf2"},
    {file = "networkx-3.3.tar.gz", hash = "sha256:0c127d8b2f4865f59ae9cb8aafcd60b5c70f3241ebd66f7defad7c4ab90126c9"},
]

[package.extras]
default = ["matplotlib (>=3.6)", "numpy (>=1.23)", "pandas (>=1.4)", "scipy (>=1.9,!=1.11.0,!=1.11.1)"]
developer = ["changelist (==0.5)", "mypy (>=1.1)", "pre-commit (>=3.2)", "rtoml"]
doc = ["myst-nb (>=1.0)", "numpydoc (>=1.7)", "pillow (>=9.4)", "pydata-sphinx-theme (>=0.14)", "sphinx (>=7)", "sphinx-gallery (>=0.14)", "texext (>=0.6.7)"]
extra = ["lxml (>=4.6)", "pydot (>=2.0)", "pygraphviz (>=1.12)", "sympy (>=1.10)"]
test = ["pytest (>=7.2)", "pytest-cov (>=4.0)"]

[[package]]
name = "pyshp"
version = "2.3.1"
description = "Pure Python read/write support for ESRI Shapefile format"
optional = false
python-versions = ">=2.7"
files = [
    {file = "pyshp-2.3.1-py2.py3-none-any.whl", hash = "sha256:67024c0ccdc352ba5db777c4e968483782dfa78f8e200672a90d2d30fd8b7b49"},
    {file = "pyshp-2.3.1.tar.gz", hash = "sha256:4caec82fd8dd096feba8217858068bacb2a3b5950f43c048c6dc32a3489d5af1"},
]

[metadata]
lock-version = "2.0"
python-versions = "^3.11"
content-hash = "28954e581512b2b9cd99d3829d71386c6cd0dcad628af7f822c9eb5431cec281"
